// !$*UTF8*$!
{
	archiveVersion = 1;
	classes = {
	};
	objectVersion = 46;
	objects = {

/* Begin PBXBuildFile section */
		EBB2621D1D69421F008F26D8 /* ColorModel.swift in Sources */ = {isa = PBXBuildFile; fileRef = EBB2621C1D69421E008F26D8 /* ColorModel.swift */; };
		EBF4ADAA1D68142900542378 /* AppDelegate.swift in Sources */ = {isa = PBXBuildFile; fileRef = EBF4ADA91D68142900542378 /* AppDelegate.swift */; };
		EBF4ADAC1D68142900542378 /* ViewController.swift in Sources */ = {isa = PBXBuildFile; fileRef = EBF4ADAB1D68142900542378 /* ViewController.swift */; };
		EBF4ADAF1D68142900542378 /* Main.storyboard in Resources */ = {isa = PBXBuildFile; fileRef = EBF4ADAD1D68142900542378 /* Main.storyboard */; };
		EBF4ADB11D68142900542378 /* Assets.xcassets in Resources */ = {isa = PBXBuildFile; fileRef = EBF4ADB01D68142900542378 /* Assets.xcassets */; };
		EBF4ADB41D68142900542378 /* LaunchScreen.storyboard in Resources */ = {isa = PBXBuildFile; fileRef = EBF4ADB21D68142900542378 /* LaunchScreen.storyboard */; };
		EBF4ADBE1D6828AD00542378 /* FactModel.swift in Sources */ = {isa = PBXBuildFile; fileRef = EBF4ADBD1D6828AD00542378 /* FactModel.swift */; };
/* End PBXBuildFile section */

/* Begin PBXFileReference section */
		EBB2621C1D69421E008F26D8 /* ColorModel.swift */ = {isa = PBXFileReference; fileEncoding = 4; lastKnownFileType = sourcecode.swift; path = ColorModel.swift; sourceTree = "<group>"; };
		EBF4ADA61D68142900542378 /* FunFacts.app */ = {isa = PBXFileReference; explicitFileType = wrapper.application; includeInIndex = 0; path = FunFacts.app; sourceTree = BUILT_PRODUCTS_DIR; };
		EBF4ADA91D68142900542378 /* AppDelegate.swift */ = {isa = PBXFileReference; lastKnownFileType = sourcecode.swift; path = AppDelegate.swift; sourceTree = "<group>"; };
		EBF4ADAB1D68142900542378 /* ViewController.swift */ = {isa = PBXFileReference; lastKnownFileType = sourcecode.swift; path = ViewController.swift; sourceTree = "<group>"; };
		EBF4ADAE1D68142900542378 /* Base */ = {isa = PBXFileReference; lastKnownFileType = file.storyboard; name = Base; path = Base.lproj/Main.storyboard; sourceTree = "<group>"; };
		EBF4ADB01D68142900542378 /* Assets.xcassets */ = {isa = PBXFileReference; lastKnownFileType = folder.assetcatalog; path = Assets.xcassets; sourceTree = "<group>"; };
		EBF4ADB31D68142900542378 /* Base */ = {isa = PBXFileReference; lastKnownFileType = file.storyboard; name = Base; path = Base.lproj/LaunchScreen.storyboard; sourceTree = "<group>"; };
		EBF4ADB51D68142900542378 /* Info.plist */ = {isa = PBXFileReference; lastKnownFileType = text.plist.xml; path = Info.plist; sourceTree = "<group>"; };
		EBF4ADBD1D6828AD00542378 /* FactModel.swift */ = {isa = PBXFileReference; fileEncoding = 4; lastKnownFileType = sourcecode.swift; path = FactModel.swift; sourceTree = "<group>"; };
/* End PBXFileReference section */

/* Begin PBXFrameworksBuildPhase section */
		EBF4ADA31D68142900542378 /* Frameworks */ = {
			isa = PBXFrameworksBuildPhase;
			buildActionMask = 2147483647;
			files = (
			);
			runOnlyForDeploymentPostprocessing = 0;
		};
/* End PBXFrameworksBuildPhase section */

/* Begin PBXGroup section */
		EBF4AD9D1D68142900542378 = {
			isa = PBXGroup;
			children = (
				EBF4ADA81D68142900542378 /* FunFacts */,
				EBF4ADA71D68142900542378 /* Products */,
			);
			sourceTree = "<group>";
		};
		EBF4ADA71D68142900542378 /* Products */ = {
			isa = PBXGroup;
			children = (
				EBF4ADA61D68142900542378 /* FunFacts.app */,
			);
			name = Products;
			sourceTree = "<group>";
		};
		EBF4ADA81D68142900542378 /* FunFacts */ = {
			isa = PBXGroup;
			children = (
				EBF4ADA91D68142900542378 /* AppDelegate.swift */,
				EBF4ADAB1D68142900542378 /* ViewController.swift */,
				EBF4ADAD1D68142900542378 /* Main.storyboard */,
				EBF4ADB01D68142900542378 /* Assets.xcassets */,
				EBF4ADB21D68142900542378 /* LaunchScreen.storyboard */,
				EBF4ADB51D68142900542378 /* Info.plist */,
				EBF4ADBD1D6828AD00542378 /* FactModel.swift */,
				EBB2621C1D69421E008F26D8 /* ColorModel.swift */,
			);
			path = FunFacts;
			sourceTree = "<group>";
		};
/* End PBXGroup section */

/* Begin PBXNativeTarget section */
		EBF4ADA51D68142900542378 /* FunFacts */ = {
			isa = PBXNativeTarget;
			buildConfigurationList = EBF4ADB81D68142900542378 /* Build configuration list for PBXNativeTarget "FunFacts" */;
			buildPhases = (
				EBF4ADA21D68142900542378 /* Sources */,
				EBF4ADA31D68142900542378 /* Frameworks */,
				EBF4ADA41D68142900542378 /* Resources */,
			);
			buildRules = (
			);
			dependencies = (
			);
			name = FunFacts;
			productName = FunFacts;
			productReference = EBF4ADA61D68142900542378 /* FunFacts.app */;
			productType = "com.apple.product-type.application";
		};
/* End PBXNativeTarget section */

/* Begin PBXProject section */
		EBF4AD9E1D68142900542378 /* Project object */ = {
			isa = PBXProject;
			attributes = {
				LastSwiftUpdateCheck = 0730;
				LastUpgradeCheck = 0730;
				ORGANIZATIONNAME = "Juan Pablo Pinto Santana";
				TargetAttributes = {
					EBF4ADA51D68142900542378 = {
						CreatedOnToolsVersion = 7.3.1;
						DevelopmentTeam = 99T5ZP74P5;
					};
				};
			};
			buildConfigurationList = EBF4ADA11D68142900542378 /* Build configuration list for PBXProject "FunFacts" */;
			compatibilityVersion = "Xcode 3.2";
			developmentRegion = English;
			hasScannedForEncodings = 0;
			knownRegions = (
				en,
				Base,
			);
			mainGroup = EBF4AD9D1D68142900542378;
			productRefGroup = EBF4ADA71D68142900542378 /* Products */;
			projectDirPath = "";
			projectRoot = "";
			targets = (
				EBF4ADA51D68142900542378 /* FunFacts */,
			);
		};
/* End PBXProject section */

/* Begin PBXResourcesBuildPhase section */
		EBF4ADA41D68142900542378 /* Resources */ = {
			isa = PBXResourcesBuildPhase;
			buildActionMask = 2147483647;
			files = (
				EBF4ADB41D68142900542378 /* LaunchScreen.storyboard in Resources */,
				EBF4ADB11D68142900542378 /* Assets.xcassets in Resources */,
				EBF4ADAF1D68142900542378 /* Main.storyboard in Resources */,
			);
			runOnlyForDeploymentPostprocessing = 0;
		};
/* End PBXResourcesBuildPhase section */

/* Begin PBXSourcesBuildPhase section */
		EBF4ADA21D68142900542378 /* Sources */ = {
			isa = PBXSourcesBuildPhase;
			buildActionMask = 2147483647;
			files = (
				EBF4ADBE1D6828AD00542378 /* FactModel.swift in Sources */,
				EBF4ADAC1D68142900542378 /* ViewController.swift in Sources */,
				EBF4ADAA1D68142900542378 /* AppDelegate.swift in Sources */,
				EBB2621D1D69421F008F26D8 /* ColorModel.swift in Sources */,
			);
			runOnlyForDeploymentPostprocessing = 0;
		};
/* End PBXSourcesBuildPhase section */

/* Begin PBXVariantGroup section */
		EBF4ADAD1D68142900542378 /* Main.storyboard */ = {
			isa = PBXVariantGroup;
			children = (
				EBF4ADAE1D68142900542378 /* Base */,
			);
			name = Main.storyboard;
			sourceTree = "<group>";
		};
		EBF4ADB21D68142900542378 /* LaunchScreen.storyboard */ = {
			isa = PBXVariantGroup;
			children = (
				EBF4ADB31D68142900542378 /* Base */,
			);
			name = LaunchScreen.storyboard;
			sourceTree = "<group>";
		};
/* End PBXVariantGroup section */

/* Begin XCBuildConfiguration section */
		EBF4ADB61D68142900542378 /* Debug */ = {
			isa = XCBuildConfiguration;
			buildSettings = {
				ALWAYS_SEARCH_USER_PATHS = NO;
				CLANG_ANALYZER_NONNULL = YES;
				CLANG_CXX_LANGUAGE_STANDARD = "gnu++0x";
				CLANG_CXX_LIBRARY = "libc++";
				CLANG_ENABLE_MODULES = YES;
				CLANG_ENABLE_OBJC_ARC = YES;
				CLANG_WARN_BOOL_CONVERSION = YES;
				CLANG_WARN_CONSTANT_CONVERSION = YES;
				CLANG_WARN_DIRECT_OBJC_ISA_USAGE = YES_ERROR;
				CLANG_WARN_EMPTY_BODY = YES;
				CLANG_WARN_ENUM_CONVERSION = YES;
				CLANG_WARN_INT_CONVERSION = YES;
				CLANG_WARN_OBJC_ROOT_CLASS = YES_ERROR;
				CLANG_WARN_UNREACHABLE_CODE = YES;
				CLANG_WARN__DUPLICATE_METHOD_MATCH = YES;
				"CODE_SIGN_IDENTITY[sdk=iphoneos*]" = "iPhone Developer";
				COPY_PHASE_STRIP = NO;
				DEBUG_INFORMATION_FORMAT = dwarf;
				ENABLE_STRICT_OBJC_MSGSEND = YES;
				ENABLE_TESTABILITY = YES;
				GCC_C_LANGUAGE_STANDARD = gnu99;
				GCC_DYNAMIC_NO_PIC = NO;
				GCC_NO_COMMON_BLOCKS = YES;
				GCC_OPTIMIZATION_LEVEL = 0;
				GCC_PREPROCESSOR_DEFINITIONS = (
					"DEBUG=1",
					"$(inherited)",
				);
				GCC_WARN_64_TO_32_BIT_CONVERSION = YES;
				GCC_WARN_ABOUT_RETURN_TYPE = YES_ERROR;
				GCC_WARN_UNDECLARED_SELECTOR = YES;
				GCC_WARN_UNINITIALIZED_AUTOS = YES_AGGRESSIVE;
				GCC_WARN_UNUSED_FUNCTION = YES;
				GCC_WARN_UNUSED_VARIABLE = YES;
				IPHONEOS_DEPLOYMENT_TARGET = 9.3;
				MTL_ENABLE_DEBUG_INFO = YES;
				ONLY_ACTIVE_ARCH = YES;
				SDKROOT = iphoneos;
				SWIFT_OPTIMIZATION_LEVEL = "-Onone";
			};
			name = Debug;
		};
		EBF4ADB71D68142900542378 /* Release */ = {
			isa = XCBuildConfiguration;
			buildSettings = {
				ALWAYS_SEARCH_USER_PATHS = NO;
				CLANG_ANALYZER_NONNULL = YES;
				CLANG_CXX_LANGUAGE_STANDARD = "gnu++0x";
				CLANG_CXX_LIBRARY = "libc++";
				CLANG_ENABLE_MODULES = YES;
				CLANG_ENABLE_OBJC_ARC = YES;
				CLANG_WARN_BOOL_CONVERSION = YES;
				CLANG_WARN_CONSTANT_CONVERSION = YES;
				CLANG_WARN_DIRECT_OBJC_ISA_USAGE = YES_ERROR;
				CLANG_WARN_EMPTY_BODY = YES;
				CLANG_WARN_ENUM_CONVERSION = YES;
				CLANG_WARN_INT_CONVERSION = YES;
				CLANG_WARN_OBJC_ROOT_CLASS = YES_ERROR;
				CLANG_WARN_UNREACHABLE_CODE = YES;
				CLANG_WARN__DUPLICATE_METHOD_MATCH = YES;
				"CODE_SIGN_IDENTITY[sdk=iphoneos*]" = "iPhone Developer";
				COPY_PHASE_STRIP = NO;
				DEBUG_INFORMATION_FORMAT = "dwarf-with-dsym";
				ENABLE_NS_ASSERTIONS = NO;
				ENABLE_STRICT_OBJC_MSGSEND = YES;
				GCC_C_LANGUAGE_STANDARD = gnu99;
				GCC_NO_COMMON_BLOCKS = YES;
				GCC_WARN_64_TO_32_BIT_CONVERSION = YES;
				GCC_WARN_ABOUT_RETURN_TYPE = YES_ERROR;
				GCC_WARN_UNDECLARED_SELECTOR = YES;
				GCC_WARN_UNINITIALIZED_AUTOS = YES_AGGRESSIVE;
				GCC_WARN_UNUSED_FUNCTION = YES;
				GCC_WARN_UNUSED_VARIABLE = YES;
				IPHONEOS_DEPLOYMENT_TARGET = 9.3;
				MTL_ENABLE_DEBUG_INFO = NO;
				SDKROOT = iphoneos;
				VALIDATE_PRODUCT = YES;
			};
			name = Release;
		};
		EBF4ADB91D68142900542378 /* Debug */ = {
			isa = XCBuildConfiguration;
			buildSettings = {
				ASSETCATALOG_COMPILER_APPICON_NAME = AppIcon;
				CODE_SIGN_IDENTITY = "iPhone Developer";
				"CODE_SIGN_IDENTITY[sdk=iphoneos*]" = "iPhone Developer";
				INFOPLIST_FILE = FunFacts/Info.plist;
				LD_RUNPATH_SEARCH_PATHS = "$(inherited) @executable_path/Frameworks";
				PRODUCT_BUNDLE_IDENTIFIER = io.jpinto.FunFacts;
				PRODUCT_NAME = "$(TARGET_NAME)";
				PROVISIONING_PROFILE = "";
			};
			name = Debug;
		};
		EBF4ADBA1D68142900542378 /* Release */ = {
			isa = XCBuildConfiguration;
			buildSettings = {
				ASSETCATALOG_COMPILER_APPICON_NAME = AppIcon;
				CODE_SIGN_IDENTITY = "iPhone Developer";
				"CODE_SIGN_IDENTITY[sdk=iphoneos*]" = "iPhone Developer";
				INFOPLIST_FILE = FunFacts/Info.plist;
				LD_RUNPATH_SEARCH_PATHS = "$(inherited) @executable_path/Frameworks";
				PRODUCT_BUNDLE_IDENTIFIER = io.jpinto.FunFacts;
				PRODUCT_NAME = "$(TARGET_NAME)";
				PROVISIONING_PROFILE = "";
			};
			name = Release;
		};
/* End XCBuildConfiguration section */

/* Begin XCConfigurationList section */
		EBF4ADA11D68142900542378 /* Build configuration list for PBXProject "FunFacts" */ = {
			isa = XCConfigurationList;
			buildConfigurations = (
				EBF4ADB61D68142900542378 /* Debug */,
				EBF4ADB71D68142900542378 /* Release */,
			);
			defaultConfigurationIsVisible = 0;
			defaultConfigurationName = Release;
		};
		EBF4ADB81D68142900542378 /* Build configuration list for PBXNativeTarget "FunFacts" */ = {
			isa = XCConfigurationList;
			buildConfigurations = (
				EBF4ADB91D68142900542378 /* Debug */,
				EBF4ADBA1D68142900542378 /* Release */,
			);
			defaultConfigurationIsVisible = 0;
			defaultConfigurationName = Release;
		};
/* End XCConfigurationList section */
	};
	rootObject = EBF4AD9E1D68142900542378 /* Project object */;
}
